
Microsoft Visual Studio Solution File, Format Version 12.00
# Visual Studio Version 17
VisualStudioVersion = 17.1.32328.378
MinimumVisualStudioVersion = 10.0.40219.1
Project("{FAE04EC0-301F-11D3-BF4B-00C04F79EFBC}") = "FoodKing", "FoodKing\FoodKing.csproj", "{8E933A37-9E06-4F6B-A7F7-890D8A235EB1}"
EndProject
Project("{FAE04EC0-301F-11D3-BF4B-00C04F79EFBC}") = "FoodKing.Services", "FoodKing.Services\FoodKing.Services.csproj", "{80F81068-03C2-4C4F-9A15-E74F48305512}"
EndProject
Global
	GlobalSection(SolutionConfigurationPlatforms) = preSolution
		Debug|Any CPU = Debug|Any CPU
		Release|Any CPU = Release|Any CPU
	EndGlobalSection
	GlobalSection(ProjectConfigurationPlatforms) = postSolution
		{8E933A37-9E06-4F6B-A7F7-890D8A235EB1}.Debug|Any CPU.ActiveCfg = Debug|Any CPU
		{8E933A37-9E06-4F6B-A7F7-890D8A235EB1}.Debug|Any CPU.Build.0 = Debug|Any CPU
		{8E933A37-9E06-4F6B-A7F7-890D8A235EB1}.Release|Any CPU.ActiveCfg = Release|Any CPU
		{8E933A37-9E06-4F6B-A7F7-890D8A235EB1}.Release|Any CPU.Build.0 = Release|Any CPU
		{80F81068-03C2-4C4F-9A15-E74F48305512}.Debug|Any CPU.ActiveCfg = Debug|Any CPU
		{80F81068-03C2-4C4F-9A15-E74F48305512}.Debug|Any CPU.Build.0 = Debug|Any CPU
		{80F81068-03C2-4C4F-9A15-E74F48305512}.Release|Any CPU.ActiveCfg = Release|Any CPU
		{80F81068-03C2-4C4F-9A15-E74F48305512}.Release|Any CPU.Build.0 = Release|Any CPU
	EndGlobalSection
	GlobalSection(SolutionProperties) = preSolution
		HideSolutionNode = FALSE
	EndGlobalSection
	GlobalSection(ExtensibilityGlobals) = postSolution
		SolutionGuid = {A75FAD34-7E6F-4451-AC87-44E50C925219}
	EndGlobalSection
EndGlobal
