
Microsoft Visual Studio Solution File, Format Version 12.00
# Visual Studio Version 17
VisualStudioVersion = 17.5.33424.131
MinimumVisualStudioVersion = 10.0.40219.1
Project("{9A19103F-16F7-4668-BE54-9A1E7A4F7556}") = "FoodKing", "FoodKing.csproj", "{74EF08C8-2F5B-43AC-88EC-C35FD418630C}"
EndProject
Project("{9A19103F-16F7-4668-BE54-9A1E7A4F7556}") = "FoodKing.Services", "..\FoodKing.Services\FoodKing.Services.csproj", "{9279CE95-A774-44FA-A822-7D926982E2C3}"
EndProject
Project("{9A19103F-16F7-4668-BE54-9A1E7A4F7556}") = "FoodKing.Model", "..\FoodKing.Model\FoodKing.Model.csproj", "{7FCBCC76-D8A1-415F-9971-20D963C88A0B}"
EndProject
Project("{9A19103F-16F7-4668-BE54-9A1E7A4F7556}") = "FoodKing.Subscriber", "..\FoodKing.Subscriber\FoodKing.Subscriber.csproj", "{3F7DFB91-A341-4051-97AB-D63EAFDA7BF6}"
EndProject
Project("{2150E333-8FDC-42A3-9474-1A3956D46DE8}") = "Solution Items", "Solution Items", "{3961946A-EBBE-474D-850A-C10F6E1D6661}"
	ProjectSection(SolutionItems) = preProject
		..\docker-compose.yml = ..\docker-compose.yml
		..\Dockerfile = ..\Dockerfile
	EndProjectSection
EndProject
Global
	GlobalSection(SolutionConfigurationPlatforms) = preSolution
		Debug|Any CPU = Debug|Any CPU
		Release|Any CPU = Release|Any CPU
	EndGlobalSection
	GlobalSection(ProjectConfigurationPlatforms) = postSolution
		{74EF08C8-2F5B-43AC-88EC-C35FD418630C}.Debug|Any CPU.ActiveCfg = Debug|Any CPU
		{74EF08C8-2F5B-43AC-88EC-C35FD418630C}.Debug|Any CPU.Build.0 = Debug|Any CPU
		{74EF08C8-2F5B-43AC-88EC-C35FD418630C}.Release|Any CPU.ActiveCfg = Release|Any CPU
		{74EF08C8-2F5B-43AC-88EC-C35FD418630C}.Release|Any CPU.Build.0 = Release|Any CPU
		{9279CE95-A774-44FA-A822-7D926982E2C3}.Debug|Any CPU.ActiveCfg = Debug|Any CPU
		{9279CE95-A774-44FA-A822-7D926982E2C3}.Debug|Any CPU.Build.0 = Debug|Any CPU
		{9279CE95-A774-44FA-A822-7D926982E2C3}.Release|Any CPU.ActiveCfg = Release|Any CPU
		{9279CE95-A774-44FA-A822-7D926982E2C3}.Release|Any CPU.Build.0 = Release|Any CPU
		{7FCBCC76-D8A1-415F-9971-20D963C88A0B}.Debug|Any CPU.ActiveCfg = Debug|Any CPU
		{7FCBCC76-D8A1-415F-9971-20D963C88A0B}.Debug|Any CPU.Build.0 = Debug|Any CPU
		{7FCBCC76-D8A1-415F-9971-20D963C88A0B}.Release|Any CPU.ActiveCfg = Release|Any CPU
		{7FCBCC76-D8A1-415F-9971-20D963C88A0B}.Release|Any CPU.Build.0 = Release|Any CPU
		{3F7DFB91-A341-4051-97AB-D63EAFDA7BF6}.Debug|Any CPU.ActiveCfg = Debug|Any CPU
		{3F7DFB91-A341-4051-97AB-D63EAFDA7BF6}.Debug|Any CPU.Build.0 = Debug|Any CPU
		{3F7DFB91-A341-4051-97AB-D63EAFDA7BF6}.Release|Any CPU.ActiveCfg = Release|Any CPU
		{3F7DFB91-A341-4051-97AB-D63EAFDA7BF6}.Release|Any CPU.Build.0 = Release|Any CPU
	EndGlobalSection
	GlobalSection(SolutionProperties) = preSolution
		HideSolutionNode = FALSE
	EndGlobalSection
	GlobalSection(ExtensibilityGlobals) = postSolution
		SolutionGuid = {40A6CC2B-3FF8-4168-8854-6A070B0760F9}
	EndGlobalSection
EndGlobal
